
Microsoft Visual Studio Solution File, Format Version 12.00
# Visual Studio 2013
VisualStudioVersion = 12.0.40629.0
MinimumVisualStudioVersion = 10.0.40219.1
Project("{FAE04EC0-301F-11D3-BF4B-00C04F79EFBC}") = "PrefeitoRua", "PrefeitoRua\PrefeitoRua.csproj", "{FFA5613A-FEEA-4D65-8DB0-D4A3BC78B0D8}"
EndProject
Global
	GlobalSection(SolutionConfigurationPlatforms) = preSolution
		Debug|Any CPU = Debug|Any CPU
		Release|Any CPU = Release|Any CPU
	EndGlobalSection
	GlobalSection(ProjectConfigurationPlatforms) = postSolution
		{FFA5613A-FEEA-4D65-8DB0-D4A3BC78B0D8}.Debug|Any CPU.ActiveCfg = Debug|Any CPU
		{FFA5613A-FEEA-4D65-8DB0-D4A3BC78B0D8}.Debug|Any CPU.Build.0 = Debug|Any CPU
		{FFA5613A-FEEA-4D65-8DB0-D4A3BC78B0D8}.Release|Any CPU.ActiveCfg = Release|Any CPU
		{FFA5613A-FEEA-4D65-8DB0-D4A3BC78B0D8}.Release|Any CPU.Build.0 = Release|Any CPU
	EndGlobalSection
	GlobalSection(SolutionProperties) = preSolution
		HideSolutionNode = FALSE
	EndGlobalSection
EndGlobal
