
Microsoft Visual Studio Solution File, Format Version 12.00
# Visual Studio 15
VisualStudioVersion = 15.0.28307.421
MinimumVisualStudioVersion = 10.0.40219.1
Project("{FAE04EC0-301F-11D3-BF4B-00C04F79EFBC}") = "HiperMercado", "HiperMercado\HiperMercado.csproj", "{0506883E-DFF0-4B3A-8CFB-049F39664178}"
EndProject
Global
	GlobalSection(SolutionConfigurationPlatforms) = preSolution
		Debug|Any CPU = Debug|Any CPU
		Debug|ARM = Debug|ARM
		Debug|x64 = Debug|x64
		Debug|x86 = Debug|x86
		Release|Any CPU = Release|Any CPU
		Release|ARM = Release|ARM
		Release|x64 = Release|x64
		Release|x86 = Release|x86
	EndGlobalSection
	GlobalSection(ProjectConfigurationPlatforms) = postSolution
		{0506883E-DFF0-4B3A-8CFB-049F39664178}.Debug|Any CPU.ActiveCfg = Debug|Any CPU
		{0506883E-DFF0-4B3A-8CFB-049F39664178}.Debug|Any CPU.Build.0 = Debug|Any CPU
		{0506883E-DFF0-4B3A-8CFB-049F39664178}.Debug|ARM.ActiveCfg = Debug|Any CPU
		{0506883E-DFF0-4B3A-8CFB-049F39664178}.Debug|x64.ActiveCfg = Debug|Any CPU
		{0506883E-DFF0-4B3A-8CFB-049F39664178}.Debug|x86.ActiveCfg = Debug|Any CPU
		{0506883E-DFF0-4B3A-8CFB-049F39664178}.Release|Any CPU.ActiveCfg = Release|Any CPU
		{0506883E-DFF0-4B3A-8CFB-049F39664178}.Release|Any CPU.Build.0 = Release|Any CPU
		{0506883E-DFF0-4B3A-8CFB-049F39664178}.Release|ARM.ActiveCfg = Release|Any CPU
		{0506883E-DFF0-4B3A-8CFB-049F39664178}.Release|x64.ActiveCfg = Release|Any CPU
		{0506883E-DFF0-4B3A-8CFB-049F39664178}.Release|x86.ActiveCfg = Release|Any CPU
	EndGlobalSection
	GlobalSection(SolutionProperties) = preSolution
		HideSolutionNode = FALSE
	EndGlobalSection
	GlobalSection(ExtensibilityGlobals) = postSolution
		SolutionGuid = {1B5C16E4-DE3C-484B-9EFC-CCB72736315C}
	EndGlobalSection
	GlobalSection(TeamFoundationVersionControl) = preSolution
		SccNumberOfProjects = 2
		SccEnterpriseProvider = {4CA58AB2-18FA-4F8D-95D4-32DDF27D184C}
		SccTeamFoundationServer = https://visuweb.visualstudio.com/
		SccLocalPath0 = .
		SccProjectUniqueName1 = HiperMercado\\HiperMercado.csproj
		SccProjectName1 = HiperMercado
		SccLocalPath1 = HiperMercado
	EndGlobalSection
EndGlobal
